// !$*UTF8*$!
{
	archiveVersion = 1;
	classes = {
	};
	objectVersion = 50;
	objects = {

/* Begin PBXBuildFile section */
		843DDF062189A33B00ECD68C /* KScrollViewController.m in Sources */ = {isa = PBXBuildFile; fileRef = 843DDF042189A33B00ECD68C /* KScrollViewController.m */; };
		843DDF072189A33B00ECD68C /* KScrollViewController.xib in Resources */ = {isa = PBXBuildFile; fileRef = 843DDF052189A33B00ECD68C /* KScrollViewController.xib */; };
		84E8E9FE21533227008FFC64 /* AppDelegate.m in Sources */ = {isa = PBXBuildFile; fileRef = 84E8E9FD21533227008FFC64 /* AppDelegate.m */; };
		84E8EA0121533227008FFC64 /* ViewController.m in Sources */ = {isa = PBXBuildFile; fileRef = 84E8EA0021533227008FFC64 /* ViewController.m */; };
		84E8EA0421533227008FFC64 /* Main.storyboard in Resources */ = {isa = PBXBuildFile; fileRef = 84E8EA0221533227008FFC64 /* Main.storyboard */; };
		84E8EA0721533227008FFC64 /* TableViewAutoCellHeight.xcdatamodeld in Sources */ = {isa = PBXBuildFile; fileRef = 84E8EA0521533227008FFC64 /* TableViewAutoCellHeight.xcdatamodeld */; };
		84E8EA0921533228008FFC64 /* Assets.xcassets in Resources */ = {isa = PBXBuildFile; fileRef = 84E8EA0821533228008FFC64 /* Assets.xcassets */; };
		84E8EA0C21533228008FFC64 /* LaunchScreen.storyboard in Resources */ = {isa = PBXBuildFile; fileRef = 84E8EA0A21533228008FFC64 /* LaunchScreen.storyboard */; };
		84E8EA0F21533229008FFC64 /* main.m in Sources */ = {isa = PBXBuildFile; fileRef = 84E8EA0E21533229008FFC64 /* main.m */; };
		84E8EA1921533229008FFC64 /* TableViewAutoCellHeightTests.m in Sources */ = {isa = PBXBuildFile; fileRef = 84E8EA1821533229008FFC64 /* TableViewAutoCellHeightTests.m */; };
		84E8EA2421533229008FFC64 /* TableViewAutoCellHeightUITests.m in Sources */ = {isa = PBXBuildFile; fileRef = 84E8EA2321533229008FFC64 /* TableViewAutoCellHeightUITests.m */; };
		84E8EA512153340E008FFC64 /* LICENSE in Resources */ = {isa = PBXBuildFile; fileRef = 84E8EA322153340E008FFC64 /* LICENSE */; };
		84E8EA522153340E008FFC64 /* NSLayoutConstraint+MASDebugAdditions.m in Sources */ = {isa = PBXBuildFile; fileRef = 84E8EA352153340E008FFC64 /* NSLayoutConstraint+MASDebugAdditions.m */; };
		84E8EA532153340E008FFC64 /* ViewController+MASAdditions.m in Sources */ = {isa = PBXBuildFile; fileRef = 84E8EA3E2153340E008FFC64 /* ViewController+MASAdditions.m */; };
		84E8EA542153340E008FFC64 /* MASCompositeConstraint.m in Sources */ = {isa = PBXBuildFile; fileRef = 84E8EA422153340E008FFC64 /* MASCompositeConstraint.m */; };
		84E8EA552153340E008FFC64 /* MASConstraintMaker.m in Sources */ = {isa = PBXBuildFile; fileRef = 84E8EA432153340E008FFC64 /* MASConstraintMaker.m */; };
		84E8EA562153340E008FFC64 /* MASLayoutConstraint.m in Sources */ = {isa = PBXBuildFile; fileRef = 84E8EA442153340E008FFC64 /* MASLayoutConstraint.m */; };
		84E8EA572153340E008FFC64 /* NSArray+MASAdditions.m in Sources */ = {isa = PBXBuildFile; fileRef = 84E8EA452153340E008FFC64 /* NSArray+MASAdditions.m */; };
		84E8EA582153340E008FFC64 /* View+MASAdditions.m in Sources */ = {isa = PBXBuildFile; fileRef = 84E8EA462153340E008FFC64 /* View+MASAdditions.m */; };
		84E8EA592153340E008FFC64 /* MASConstraint.m in Sources */ = {isa = PBXBuildFile; fileRef = 84E8EA492153340E008FFC64 /* MASConstraint.m */; };
		84E8EA5A2153340E008FFC64 /* MASViewConstraint.m in Sources */ = {isa = PBXBuildFile; fileRef = 84E8EA4B2153340E008FFC64 /* MASViewConstraint.m */; };
		84E8EA5B2153340E008FFC64 /* MASViewAttribute.m in Sources */ = {isa = PBXBuildFile; fileRef = 84E8EA4C2153340E008FFC64 /* MASViewAttribute.m */; };
		84E8EA5C2153340E008FFC64 /* README.md in Resources */ = {isa = PBXBuildFile; fileRef = 84E8EA4D2153340E008FFC64 /* README.md */; };
		84E8EA5D2153340E008FFC64 /* photo.jpg in Resources */ = {isa = PBXBuildFile; fileRef = 84E8EA4F2153340E008FFC64 /* photo.jpg */; };
		84E8EA602153343C008FFC64 /* AutoCellFirstController.m in Sources */ = {isa = PBXBuildFile; fileRef = 84E8EA5F2153343C008FFC64 /* AutoCellFirstController.m */; };
		84E8EA63215334D7008FFC64 /* AutoCellFirstCell.m in Sources */ = {isa = PBXBuildFile; fileRef = 84E8EA62215334D7008FFC64 /* AutoCellFirstCell.m */; };
		84E8EA6721536BED008FFC64 /* ScrollViewTextController.m in Sources */ = {isa = PBXBuildFile; fileRef = 84E8EA6621536BED008FFC64 /* ScrollViewTextController.m */; };
		84E8EA6B215382FE008FFC64 /* ScrollViewTextTwoController.m in Sources */ = {isa = PBXBuildFile; fileRef = 84E8EA69215382FE008FFC64 /* ScrollViewTextTwoController.m */; };
		84E8EA6C215382FE008FFC64 /* ScrollViewTextTwoController.xib in Resources */ = {isa = PBXBuildFile; fileRef = 84E8EA6A215382FE008FFC64 /* ScrollViewTextTwoController.xib */; };
		84E8EA7221538D16008FFC64 /* NSDictionary+NilSafe.m in Sources */ = {isa = PBXBuildFile; fileRef = 84E8EA7121538D16008FFC64 /* NSDictionary+NilSafe.m */; };
		84E8EA7521538E1C008FFC64 /* HWEditNumberView.m in Sources */ = {isa = PBXBuildFile; fileRef = 84E8EA7421538E1C008FFC64 /* HWEditNumberView.m */; };
		84E8EA7821538E63008FFC64 /* HWEditNumberModel.m in Sources */ = {isa = PBXBuildFile; fileRef = 84E8EA7721538E63008FFC64 /* HWEditNumberModel.m */; };
		84E8EA7B21539012008FFC64 /* UIColor+RCColor.m in Sources */ = {isa = PBXBuildFile; fileRef = 84E8EA7A21539012008FFC64 /* UIColor+RCColor.m */; };
		84E8EA922153907D008FFC64 /* MJPropertyType.m in Sources */ = {isa = PBXBuildFile; fileRef = 84E8EA802153907D008FFC64 /* MJPropertyType.m */; };
		84E8EA932153907D008FFC64 /* NSObject+MJKeyValue.m in Sources */ = {isa = PBXBuildFile; fileRef = 84E8EA832153907D008FFC64 /* NSObject+MJKeyValue.m */; };
		84E8EA942153907D008FFC64 /* MJProperty.m in Sources */ = {isa = PBXBuildFile; fileRef = 84E8EA842153907D008FFC64 /* MJProperty.m */; };
		84E8EA952153907D008FFC64 /* NSObject+MJCoding.m in Sources */ = {isa = PBXBuildFile; fileRef = 84E8EA862153907D008FFC64 /* NSObject+MJCoding.m */; };
		84E8EA962153907D008FFC64 /* MJExtensionConst.m in Sources */ = {isa = PBXBuildFile; fileRef = 84E8EA882153907D008FFC64 /* MJExtensionConst.m */; };
		84E8EA972153907D008FFC64 /* NSObject+MJProperty.m in Sources */ = {isa = PBXBuildFile; fileRef = 84E8EA892153907D008FFC64 /* NSObject+MJProperty.m */; };
		84E8EA982153907D008FFC64 /* NSObject+MJClass.m in Sources */ = {isa = PBXBuildFile; fileRef = 84E8EA8B2153907D008FFC64 /* NSObject+MJClass.m */; };
		84E8EA992153907D008FFC64 /* NSString+MJExtension.m in Sources */ = {isa = PBXBuildFile; fileRef = 84E8EA8C2153907D008FFC64 /* NSString+MJExtension.m */; };
		84E8EA9A2153907D008FFC64 /* MJPropertyKey.m in Sources */ = {isa = PBXBuildFile; fileRef = 84E8EA8D2153907D008FFC64 /* MJPropertyKey.m */; };
		84E8EA9B2153907D008FFC64 /* MJFoundation.m in Sources */ = {isa = PBXBuildFile; fileRef = 84E8EA912153907D008FFC64 /* MJFoundation.m */; };
/* End PBXBuildFile section */

/* Begin PBXContainerItemProxy section */
		84E8EA1521533229008FFC64 /* PBXContainerItemProxy */ = {
			isa = PBXContainerItemProxy;
			containerPortal = 84E8E9F121533227008FFC64 /* Project object */;
			proxyType = 1;
			remoteGlobalIDString = 84E8E9F821533227008FFC64;
			remoteInfo = TableViewAutoCellHeight;
		};
		84E8EA2021533229008FFC64 /* PBXContainerItemProxy */ = {
			isa = PBXContainerItemProxy;
			containerPortal = 84E8E9F121533227008FFC64 /* Project object */;
			proxyType = 1;
			remoteGlobalIDString = 84E8E9F821533227008FFC64;
			remoteInfo = TableViewAutoCellHeight;
		};
/* End PBXContainerItemProxy section */

/* Begin PBXFileReference section */
		843DDF032189A33B00ECD68C /* KScrollViewController.h */ = {isa = PBXFileReference; lastKnownFileType = sourcecode.c.h; path = KScrollViewController.h; sourceTree = "<group>"; };
		843DDF042189A33B00ECD68C /* KScrollViewController.m */ = {isa = PBXFileReference; lastKnownFileType = sourcecode.c.objc; path = KScrollViewController.m; sourceTree = "<group>"; };
		843DDF052189A33B00ECD68C /* KScrollViewController.xib */ = {isa = PBXFileReference; lastKnownFileType = file.xib; path = KScrollViewController.xib; sourceTree = "<group>"; };
		84E8E9F921533227008FFC64 /* TableViewAutoCellHeight.app */ = {isa = PBXFileReference; explicitFileType = wrapper.application; includeInIndex = 0; path = TableViewAutoCellHeight.app; sourceTree = BUILT_PRODUCTS_DIR; };
		84E8E9FC21533227008FFC64 /* AppDelegate.h */ = {isa = PBXFileReference; lastKnownFileType = sourcecode.c.h; path = AppDelegate.h; sourceTree = "<group>"; };
		84E8E9FD21533227008FFC64 /* AppDelegate.m */ = {isa = PBXFileReference; lastKnownFileType = sourcecode.c.objc; path = AppDelegate.m; sourceTree = "<group>"; };
		84E8E9FF21533227008FFC64 /* ViewController.h */ = {isa = PBXFileReference; lastKnownFileType = sourcecode.c.h; path = ViewController.h; sourceTree = "<group>"; };
		84E8EA0021533227008FFC64 /* ViewController.m */ = {isa = PBXFileReference; lastKnownFileType = sourcecode.c.objc; path = ViewController.m; sourceTree = "<group>"; };
		84E8EA0321533227008FFC64 /* Base */ = {isa = PBXFileReference; lastKnownFileType = file.storyboard; name = Base; path = Base.lproj/Main.storyboard; sourceTree = "<group>"; };
		84E8EA0621533227008FFC64 /* TableViewAutoCellHeight.xcdatamodel */ = {isa = PBXFileReference; lastKnownFileType = wrapper.xcdatamodel; path = TableViewAutoCellHeight.xcdatamodel; sourceTree = "<group>"; };
		84E8EA0821533228008FFC64 /* Assets.xcassets */ = {isa = PBXFileReference; lastKnownFileType = folder.assetcatalog; path = Assets.xcassets; sourceTree = "<group>"; };
		84E8EA0B21533228008FFC64 /* Base */ = {isa = PBXFileReference; lastKnownFileType = file.storyboard; name = Base; path = Base.lproj/LaunchScreen.storyboard; sourceTree = "<group>"; };
		84E8EA0D21533228008FFC64 /* Info.plist */ = {isa = PBXFileReference; lastKnownFileType = text.plist.xml; path = Info.plist; sourceTree = "<group>"; };
		84E8EA0E21533229008FFC64 /* main.m */ = {isa = PBXFileReference; lastKnownFileType = sourcecode.c.objc; path = main.m; sourceTree = "<group>"; };
		84E8EA1421533229008FFC64 /* TableViewAutoCellHeightTests.xctest */ = {isa = PBXFileReference; explicitFileType = wrapper.cfbundle; includeInIndex = 0; path = TableViewAutoCellHeightTests.xctest; sourceTree = BUILT_PRODUCTS_DIR; };
		84E8EA1821533229008FFC64 /* TableViewAutoCellHeightTests.m */ = {isa = PBXFileReference; lastKnownFileType = sourcecode.c.objc; path = TableViewAutoCellHeightTests.m; sourceTree = "<group>"; };
		84E8EA1A21533229008FFC64 /* Info.plist */ = {isa = PBXFileReference; lastKnownFileType = text.plist.xml; path = Info.plist; sourceTree = "<group>"; };
		84E8EA1F21533229008FFC64 /* TableViewAutoCellHeightUITests.xctest */ = {isa = PBXFileReference; explicitFileType = wrapper.cfbundle; includeInIndex = 0; path = TableViewAutoCellHeightUITests.xctest; sourceTree = BUILT_PRODUCTS_DIR; };
		84E8EA2321533229008FFC64 /* TableViewAutoCellHeightUITests.m */ = {isa = PBXFileReference; lastKnownFileType = sourcecode.c.objc; path = TableViewAutoCellHeightUITests.m; sourceTree = "<group>"; };
		84E8EA2521533229008FFC64 /* Info.plist */ = {isa = PBXFileReference; lastKnownFileType = text.plist.xml; path = Info.plist; sourceTree = "<group>"; };
		84E8EA322153340E008FFC64 /* LICENSE */ = {isa = PBXFileReference; fileEncoding = 4; lastKnownFileType = text; path = LICENSE; sourceTree = "<group>"; };
		84E8EA342153340E008FFC64 /* MASCompositeConstraint.h */ = {isa = PBXFileReference; fileEncoding = 4; lastKnownFileType = sourcecode.c.h; path = MASCompositeConstraint.h; sourceTree = "<group>"; };
		84E8EA352153340E008FFC64 /* NSLayoutConstraint+MASDebugAdditions.m */ = {isa = PBXFileReference; fileEncoding = 4; lastKnownFileType = sourcecode.c.objc; path = "NSLayoutConstraint+MASDebugAdditions.m"; sourceTree = "<group>"; };
		84E8EA362153340E008FFC64 /* MASConstraint+Private.h */ = {isa = PBXFileReference; fileEncoding = 4; lastKnownFileType = sourcecode.c.h; path = "MASConstraint+Private.h"; sourceTree = "<group>"; };
		84E8EA372153340E008FFC64 /* MASLayoutConstraint.h */ = {isa = PBXFileReference; fileEncoding = 4; lastKnownFileType = sourcecode.c.h; path = MASLayoutConstraint.h; sourceTree = "<group>"; };
		84E8EA382153340E008FFC64 /* NSArray+MASShorthandAdditions.h */ = {isa = PBXFileReference; fileEncoding = 4; lastKnownFileType = sourcecode.c.h; path = "NSArray+MASShorthandAdditions.h"; sourceTree = "<group>"; };
		84E8EA392153340E008FFC64 /* MASConstraintMaker.h */ = {isa = PBXFileReference; fileEncoding = 4; lastKnownFileType = sourcecode.c.h; path = MASConstraintMaker.h; sourceTree = "<group>"; };
		84E8EA3A2153340E008FFC64 /* View+MASAdditions.h */ = {isa = PBXFileReference; fileEncoding = 4; lastKnownFileType = sourcecode.c.h; path = "View+MASAdditions.h"; sourceTree = "<group>"; };
		84E8EA3B2153340E008FFC64 /* NSArray+MASAdditions.h */ = {isa = PBXFileReference; fileEncoding = 4; lastKnownFileType = sourcecode.c.h; path = "NSArray+MASAdditions.h"; sourceTree = "<group>"; };
		84E8EA3C2153340E008FFC64 /* MASUtilities.h */ = {isa = PBXFileReference; fileEncoding = 4; lastKnownFileType = sourcecode.c.h; path = MASUtilities.h; sourceTree = "<group>"; };
		84E8EA3D2153340E008FFC64 /* MASViewAttribute.h */ = {isa = PBXFileReference; fileEncoding = 4; lastKnownFileType = sourcecode.c.h; path = MASViewAttribute.h; sourceTree = "<group>"; };
		84E8EA3E2153340E008FFC64 /* ViewController+MASAdditions.m */ = {isa = PBXFileReference; fileEncoding = 4; lastKnownFileType = sourcecode.c.objc; path = "ViewController+MASAdditions.m"; sourceTree = "<group>"; };
		84E8EA3F2153340E008FFC64 /* MASViewConstraint.h */ = {isa = PBXFileReference; fileEncoding = 4; lastKnownFileType = sourcecode.c.h; path = MASViewConstraint.h; sourceTree = "<group>"; };
		84E8EA402153340E008FFC64 /* MASConstraint.h */ = {isa = PBXFileReference; fileEncoding = 4; lastKnownFileType = sourcecode.c.h; path = MASConstraint.h; sourceTree = "<group>"; };
		84E8EA412153340E008FFC64 /* NSLayoutConstraint+MASDebugAdditions.h */ = {isa = PBXFileReference; fileEncoding = 4; lastKnownFileType = sourcecode.c.h; path = "NSLayoutConstraint+MASDebugAdditions.h"; sourceTree = "<group>"; };
		84E8EA422153340E008FFC64 /* MASCompositeConstraint.m */ = {isa = PBXFileReference; fileEncoding = 4; lastKnownFileType = sourcecode.c.objc; path = MASCompositeConstraint.m; sourceTree = "<group>"; };
		84E8EA432153340E008FFC64 /* MASConstraintMaker.m */ = {isa = PBXFileReference; fileEncoding = 4; lastKnownFileType = sourcecode.c.objc; path = MASConstraintMaker.m; sourceTree = "<group>"; };
		84E8EA442153340E008FFC64 /* MASLayoutConstraint.m */ = {isa = PBXFileReference; fileEncoding = 4; lastKnownFileType = sourcecode.c.objc; path = MASLayoutConstraint.m; sourceTree = "<group>"; };
		84E8EA452153340E008FFC64 /* NSArray+MASAdditions.m */ = {isa = PBXFileReference; fileEncoding = 4; lastKnownFileType = sourcecode.c.objc; path = "NSArray+MASAdditions.m"; sourceTree = "<group>"; };
		84E8EA462153340E008FFC64 /* View+MASAdditions.m */ = {isa = PBXFileReference; fileEncoding = 4; lastKnownFileType = sourcecode.c.objc; path = "View+MASAdditions.m"; sourceTree = "<group>"; };
		84E8EA472153340E008FFC64 /* View+MASShorthandAdditions.h */ = {isa = PBXFileReference; fileEncoding = 4; lastKnownFileType = sourcecode.c.h; path = "View+MASShorthandAdditions.h"; sourceTree = "<group>"; };
		84E8EA482153340E008FFC64 /* Masonry.h */ = {isa = PBXFileReference; fileEncoding = 4; lastKnownFileType = sourcecode.c.h; path = Masonry.h; sourceTree = "<group>"; };
		84E8EA492153340E008FFC64 /* MASConstraint.m */ = {isa = PBXFileReference; fileEncoding = 4; lastKnownFileType = sourcecode.c.objc; path = MASConstraint.m; sourceTree = "<group>"; };
		84E8EA4A2153340E008FFC64 /* ViewController+MASAdditions.h */ = {isa = PBXFileReference; fileEncoding = 4; lastKnownFileType = sourcecode.c.h; path = "ViewController+MASAdditions.h"; sourceTree = "<group>"; };
		84E8EA4B2153340E008FFC64 /* MASViewConstraint.m */ = {isa = PBXFileReference; fileEncoding = 4; lastKnownFileType = sourcecode.c.objc; path = MASViewConstraint.m; sourceTree = "<group>"; };
		84E8EA4C2153340E008FFC64 /* MASViewAttribute.m */ = {isa = PBXFileReference; fileEncoding = 4; lastKnownFileType = sourcecode.c.objc; path = MASViewAttribute.m; sourceTree = "<group>"; };
		84E8EA4D2153340E008FFC64 /* README.md */ = {isa = PBXFileReference; fileEncoding = 4; lastKnownFileType = net.daringfireball.markdown; path = README.md; sourceTree = "<group>"; };
		84E8EA4F2153340E008FFC64 /* photo.jpg */ = {isa = PBXFileReference; lastKnownFileType = image.jpeg; path = photo.jpg; sourceTree = "<group>"; };
		84E8EA5E2153343C008FFC64 /* AutoCellFirstController.h */ = {isa = PBXFileReference; lastKnownFileType = sourcecode.c.h; path = AutoCellFirstController.h; sourceTree = "<group>"; };
		84E8EA5F2153343C008FFC64 /* AutoCellFirstController.m */ = {isa = PBXFileReference; lastKnownFileType = sourcecode.c.objc; path = AutoCellFirstController.m; sourceTree = "<group>"; };
		84E8EA61215334D7008FFC64 /* AutoCellFirstCell.h */ = {isa = PBXFileReference; lastKnownFileType = sourcecode.c.h; path = AutoCellFirstCell.h; sourceTree = "<group>"; };
		84E8EA62215334D7008FFC64 /* AutoCellFirstCell.m */ = {isa = PBXFileReference; lastKnownFileType = sourcecode.c.objc; path = AutoCellFirstCell.m; sourceTree = "<group>"; };
		84E8EA6521536BED008FFC64 /* ScrollViewTextController.h */ = {isa = PBXFileReference; lastKnownFileType = sourcecode.c.h; path = ScrollViewTextController.h; sourceTree = "<group>"; };
		84E8EA6621536BED008FFC64 /* ScrollViewTextController.m */ = {isa = PBXFileReference; lastKnownFileType = sourcecode.c.objc; path = ScrollViewTextController.m; sourceTree = "<group>"; };
		84E8EA68215382FE008FFC64 /* ScrollViewTextTwoController.h */ = {isa = PBXFileReference; lastKnownFileType = sourcecode.c.h; path = ScrollViewTextTwoController.h; sourceTree = "<group>"; };
		84E8EA69215382FE008FFC64 /* ScrollViewTextTwoController.m */ = {isa = PBXFileReference; lastKnownFileType = sourcecode.c.objc; path = ScrollViewTextTwoController.m; sourceTree = "<group>"; };
		84E8EA6A215382FE008FFC64 /* ScrollViewTextTwoController.xib */ = {isa = PBXFileReference; lastKnownFileType = file.xib; path = ScrollViewTextTwoController.xib; sourceTree = "<group>"; };
		84E8EA7021538D16008FFC64 /* NSDictionary+NilSafe.h */ = {isa = PBXFileReference; fileEncoding = 4; lastKnownFileType = sourcecode.c.h; path = "NSDictionary+NilSafe.h"; sourceTree = "<group>"; };
		84E8EA7121538D16008FFC64 /* NSDictionary+NilSafe.m */ = {isa = PBXFileReference; fileEncoding = 4; lastKnownFileType = sourcecode.c.objc; path = "NSDictionary+NilSafe.m"; sourceTree = "<group>"; };
		84E8EA7321538E1C008FFC64 /* HWEditNumberView.h */ = {isa = PBXFileReference; lastKnownFileType = sourcecode.c.h; path = HWEditNumberView.h; sourceTree = "<group>"; };
		84E8EA7421538E1C008FFC64 /* HWEditNumberView.m */ = {isa = PBXFileReference; lastKnownFileType = sourcecode.c.objc; path = HWEditNumberView.m; sourceTree = "<group>"; };
		84E8EA7621538E63008FFC64 /* HWEditNumberModel.h */ = {isa = PBXFileReference; lastKnownFileType = sourcecode.c.h; path = HWEditNumberModel.h; sourceTree = "<group>"; };
		84E8EA7721538E63008FFC64 /* HWEditNumberModel.m */ = {isa = PBXFileReference; lastKnownFileType = sourcecode.c.objc; path = HWEditNumberModel.m; sourceTree = "<group>"; };
		84E8EA7921539012008FFC64 /* UIColor+RCColor.h */ = {isa = PBXFileReference; fileEncoding = 4; lastKnownFileType = sourcecode.c.h; path = "UIColor+RCColor.h"; sourceTree = "<group>"; };
		84E8EA7A21539012008FFC64 /* UIColor+RCColor.m */ = {isa = PBXFileReference; fileEncoding = 4; lastKnownFileType = sourcecode.c.objc; path = "UIColor+RCColor.m"; sourceTree = "<group>"; };
		84E8EA7D2153907D008FFC64 /* MJPropertyKey.h */ = {isa = PBXFileReference; fileEncoding = 4; lastKnownFileType = sourcecode.c.h; path = MJPropertyKey.h; sourceTree = "<group>"; };
		84E8EA7E2153907D008FFC64 /* NSObject+MJClass.h */ = {isa = PBXFileReference; fileEncoding = 4; lastKnownFileType = sourcecode.c.h; path = "NSObject+MJClass.h"; sourceTree = "<group>"; };
		84E8EA7F2153907D008FFC64 /* NSString+MJExtension.h */ = {isa = PBXFileReference; fileEncoding = 4; lastKnownFileType = sourcecode.c.h; path = "NSString+MJExtension.h"; sourceTree = "<group>"; };
		84E8EA802153907D008FFC64 /* MJPropertyType.m */ = {isa = PBXFileReference; fileEncoding = 4; lastKnownFileType = sourcecode.c.objc; path = MJPropertyType.m; sourceTree = "<group>"; };
		84E8EA812153907D008FFC64 /* NSObject+MJProperty.h */ = {isa = PBXFileReference; fileEncoding = 4; lastKnownFileType = sourcecode.c.h; path = "NSObject+MJProperty.h"; sourceTree = "<group>"; };
		84E8EA822153907D008FFC64 /* MJExtensionConst.h */ = {isa = PBXFileReference; fileEncoding = 4; lastKnownFileType = sourcecode.c.h; path = MJExtensionConst.h; sourceTree = "<group>"; };
		84E8EA832153907D008FFC64 /* NSObject+MJKeyValue.m */ = {isa = PBXFileReference; fileEncoding = 4; lastKnownFileType = sourcecode.c.objc; path = "NSObject+MJKeyValue.m"; sourceTree = "<group>"; };
		84E8EA842153907D008FFC64 /* MJProperty.m */ = {isa = PBXFileReference; fileEncoding = 4; lastKnownFileType = sourcecode.c.objc; path = MJProperty.m; sourceTree = "<group>"; };
		84E8EA852153907D008FFC64 /* MJFoundation.h */ = {isa = PBXFileReference; fileEncoding = 4; lastKnownFileType = sourcecode.c.h; path = MJFoundation.h; sourceTree = "<group>"; };
		84E8EA862153907D008FFC64 /* NSObject+MJCoding.m */ = {isa = PBXFileReference; fileEncoding = 4; lastKnownFileType = sourcecode.c.objc; path = "NSObject+MJCoding.m"; sourceTree = "<group>"; };
		84E8EA872153907D008FFC64 /* MJExtension.h */ = {isa = PBXFileReference; fileEncoding = 4; lastKnownFileType = sourcecode.c.h; path = MJExtension.h; sourceTree = "<group>"; };
		84E8EA882153907D008FFC64 /* MJExtensionConst.m */ = {isa = PBXFileReference; fileEncoding = 4; lastKnownFileType = sourcecode.c.objc; path = MJExtensionConst.m; sourceTree = "<group>"; };
		84E8EA892153907D008FFC64 /* NSObject+MJProperty.m */ = {isa = PBXFileReference; fileEncoding = 4; lastKnownFileType = sourcecode.c.objc; path = "NSObject+MJProperty.m"; sourceTree = "<group>"; };
		84E8EA8A2153907D008FFC64 /* MJPropertyType.h */ = {isa = PBXFileReference; fileEncoding = 4; lastKnownFileType = sourcecode.c.h; path = MJPropertyType.h; sourceTree = "<group>"; };
		84E8EA8B2153907D008FFC64 /* NSObject+MJClass.m */ = {isa = PBXFileReference; fileEncoding = 4; lastKnownFileType = sourcecode.c.objc; path = "NSObject+MJClass.m"; sourceTree = "<group>"; };
		84E8EA8C2153907D008FFC64 /* NSString+MJExtension.m */ = {isa = PBXFileReference; fileEncoding = 4; lastKnownFileType = sourcecode.c.objc; path = "NSString+MJExtension.m"; sourceTree = "<group>"; };
		84E8EA8D2153907D008FFC64 /* MJPropertyKey.m */ = {isa = PBXFileReference; fileEncoding = 4; lastKnownFileType = sourcecode.c.objc; path = MJPropertyKey.m; sourceTree = "<group>"; };
		84E8EA8E2153907D008FFC64 /* MJProperty.h */ = {isa = PBXFileReference; fileEncoding = 4; lastKnownFileType = sourcecode.c.h; path = MJProperty.h; sourceTree = "<group>"; };
		84E8EA8F2153907D008FFC64 /* NSObject+MJKeyValue.h */ = {isa = PBXFileReference; fileEncoding = 4; lastKnownFileType = sourcecode.c.h; path = "NSObject+MJKeyValue.h"; sourceTree = "<group>"; };
		84E8EA902153907D008FFC64 /* NSObject+MJCoding.h */ = {isa = PBXFileReference; fileEncoding = 4; lastKnownFileType = sourcecode.c.h; path = "NSObject+MJCoding.h"; sourceTree = "<group>"; };
		84E8EA912153907D008FFC64 /* MJFoundation.m */ = {isa = PBXFileReference; fileEncoding = 4; lastKnownFileType = sourcecode.c.objc; path = MJFoundation.m; sourceTree = "<group>"; };
/* End PBXFileReference section */

/* Begin PBXFrameworksBuildPhase section */
		84E8E9F621533227008FFC64 /* Frameworks */ = {
			isa = PBXFrameworksBuildPhase;
			buildActionMask = 2147483647;
			files = (
			);
			runOnlyForDeploymentPostprocessing = 0;
		};
		84E8EA1121533229008FFC64 /* Frameworks */ = {
			isa = PBXFrameworksBuildPhase;
			buildActionMask = 2147483647;
			files = (
			);
			runOnlyForDeploymentPostprocessing = 0;
		};
		84E8EA1C21533229008FFC64 /* Frameworks */ = {
			isa = PBXFrameworksBuildPhase;
			buildActionMask = 2147483647;
			files = (
			);
			runOnlyForDeploymentPostprocessing = 0;
		};
/* End PBXFrameworksBuildPhase section */

/* Begin PBXGroup section */
		84E8E9F021533227008FFC64 = {
			isa = PBXGroup;
			children = (
				84E8E9FB21533227008FFC64 /* TableViewAutoCellHeight */,
				84E8EA1721533229008FFC64 /* TableViewAutoCellHeightTests */,
				84E8EA2221533229008FFC64 /* TableViewAutoCellHeightUITests */,
				84E8E9FA21533227008FFC64 /* Products */,
			);
			sourceTree = "<group>";
		};
		84E8E9FA21533227008FFC64 /* Products */ = {
			isa = PBXGroup;
			children = (
				84E8E9F921533227008FFC64 /* TableViewAutoCellHeight.app */,
				84E8EA1421533229008FFC64 /* TableViewAutoCellHeightTests.xctest */,
				84E8EA1F21533229008FFC64 /* TableViewAutoCellHeightUITests.xctest */,
			);
			name = Products;
			sourceTree = "<group>";
		};
		84E8E9FB21533227008FFC64 /* TableViewAutoCellHeight */ = {
			isa = PBXGroup;
			children = (
				84E8EA502153340E008FFC64 /* First */,
				84E8EA6421536745008FFC64 /* Second */,
				84E8EA312153340E008FFC64 /* Masonry */,
				84E8EA4E2153340E008FFC64 /* Resource */,
				84E8E9FC21533227008FFC64 /* AppDelegate.h */,
				84E8E9FD21533227008FFC64 /* AppDelegate.m */,
				84E8E9FF21533227008FFC64 /* ViewController.h */,
				84E8EA0021533227008FFC64 /* ViewController.m */,
				84E8EA0221533227008FFC64 /* Main.storyboard */,
				84E8EA0821533228008FFC64 /* Assets.xcassets */,
				84E8EA0A21533228008FFC64 /* LaunchScreen.storyboard */,
				84E8EA0D21533228008FFC64 /* Info.plist */,
				84E8EA0E21533229008FFC64 /* main.m */,
				84E8EA0521533227008FFC64 /* TableViewAutoCellHeight.xcdatamodeld */,
			);
			path = TableViewAutoCellHeight;
			sourceTree = "<group>";
		};
		84E8EA1721533229008FFC64 /* TableViewAutoCellHeightTests */ = {
			isa = PBXGroup;
			children = (
				84E8EA1821533229008FFC64 /* TableViewAutoCellHeightTests.m */,
				84E8EA1A21533229008FFC64 /* Info.plist */,
			);
			path = TableViewAutoCellHeightTests;
			sourceTree = "<group>";
		};
		84E8EA2221533229008FFC64 /* TableViewAutoCellHeightUITests */ = {
			isa = PBXGroup;
			children = (
				84E8EA2321533229008FFC64 /* TableViewAutoCellHeightUITests.m */,
				84E8EA2521533229008FFC64 /* Info.plist */,
			);
			path = TableViewAutoCellHeightUITests;
			sourceTree = "<group>";
		};
		84E8EA312153340E008FFC64 /* Masonry */ = {
			isa = PBXGroup;
			children = (
				84E8EA322153340E008FFC64 /* LICENSE */,
				84E8EA332153340E008FFC64 /* Masonry */,
				84E8EA4D2153340E008FFC64 /* README.md */,
			);
			name = Masonry;
			path = Classes/Masonry;
			sourceTree = "<group>";
		};
		84E8EA332153340E008FFC64 /* Masonry */ = {
			isa = PBXGroup;
			children = (
				84E8EA342153340E008FFC64 /* MASCompositeConstraint.h */,
				84E8EA352153340E008FFC64 /* NSLayoutConstraint+MASDebugAdditions.m */,
				84E8EA362153340E008FFC64 /* MASConstraint+Private.h */,
				84E8EA372153340E008FFC64 /* MASLayoutConstraint.h */,
				84E8EA382153340E008FFC64 /* NSArray+MASShorthandAdditions.h */,
				84E8EA392153340E008FFC64 /* MASConstraintMaker.h */,
				84E8EA3A2153340E008FFC64 /* View+MASAdditions.h */,
				84E8EA3B2153340E008FFC64 /* NSArray+MASAdditions.h */,
				84E8EA3C2153340E008FFC64 /* MASUtilities.h */,
				84E8EA3D2153340E008FFC64 /* MASViewAttribute.h */,
				84E8EA3E2153340E008FFC64 /* ViewController+MASAdditions.m */,
				84E8EA3F2153340E008FFC64 /* MASViewConstraint.h */,
				84E8EA402153340E008FFC64 /* MASConstraint.h */,
				84E8EA412153340E008FFC64 /* NSLayoutConstraint+MASDebugAdditions.h */,
				84E8EA422153340E008FFC64 /* MASCompositeConstraint.m */,
				84E8EA432153340E008FFC64 /* MASConstraintMaker.m */,
				84E8EA442153340E008FFC64 /* MASLayoutConstraint.m */,
				84E8EA452153340E008FFC64 /* NSArray+MASAdditions.m */,
				84E8EA462153340E008FFC64 /* View+MASAdditions.m */,
				84E8EA472153340E008FFC64 /* View+MASShorthandAdditions.h */,
				84E8EA482153340E008FFC64 /* Masonry.h */,
				84E8EA492153340E008FFC64 /* MASConstraint.m */,
				84E8EA4A2153340E008FFC64 /* ViewController+MASAdditions.h */,
				84E8EA4B2153340E008FFC64 /* MASViewConstraint.m */,
				84E8EA4C2153340E008FFC64 /* MASViewAttribute.m */,
			);
			path = Masonry;
			sourceTree = "<group>";
		};
		84E8EA4E2153340E008FFC64 /* Resource */ = {
			isa = PBXGroup;
			children = (
				84E8EA7C2153907D008FFC64 /* MJExtension */,
				84E8EA7021538D16008FFC64 /* NSDictionary+NilSafe.h */,
				84E8EA7121538D16008FFC64 /* NSDictionary+NilSafe.m */,
				84E8EA4F2153340E008FFC64 /* photo.jpg */,
			);
			name = Resource;
			path = Classes/Resource;
			sourceTree = "<group>";
		};
		84E8EA502153340E008FFC64 /* First */ = {
			isa = PBXGroup;
			children = (
				84E8EA5E2153343C008FFC64 /* AutoCellFirstController.h */,
				84E8EA5F2153343C008FFC64 /* AutoCellFirstController.m */,
				84E8EA61215334D7008FFC64 /* AutoCellFirstCell.h */,
				84E8EA62215334D7008FFC64 /* AutoCellFirstCell.m */,
			);
			name = First;
			path = Classes/First;
			sourceTree = "<group>";
		};
		84E8EA6421536745008FFC64 /* Second */ = {
			isa = PBXGroup;
			children = (
				84E8EA6521536BED008FFC64 /* ScrollViewTextController.h */,
				84E8EA6621536BED008FFC64 /* ScrollViewTextController.m */,
				84E8EA68215382FE008FFC64 /* ScrollViewTextTwoController.h */,
				84E8EA69215382FE008FFC64 /* ScrollViewTextTwoController.m */,
				84E8EA6A215382FE008FFC64 /* ScrollViewTextTwoController.xib */,
				84E8EA7321538E1C008FFC64 /* HWEditNumberView.h */,
				84E8EA7421538E1C008FFC64 /* HWEditNumberView.m */,
				84E8EA7621538E63008FFC64 /* HWEditNumberModel.h */,
				84E8EA7721538E63008FFC64 /* HWEditNumberModel.m */,
				84E8EA7921539012008FFC64 /* UIColor+RCColor.h */,
				84E8EA7A21539012008FFC64 /* UIColor+RCColor.m */,
				843DDF032189A33B00ECD68C /* KScrollViewController.h */,
				843DDF042189A33B00ECD68C /* KScrollViewController.m */,
				843DDF052189A33B00ECD68C /* KScrollViewController.xib */,
			);
			name = Second;
			path = Classes/Second;
			sourceTree = "<group>";
		};
		84E8EA7C2153907D008FFC64 /* MJExtension */ = {
			isa = PBXGroup;
			children = (
				84E8EA7D2153907D008FFC64 /* MJPropertyKey.h */,
				84E8EA7E2153907D008FFC64 /* NSObject+MJClass.h */,
				84E8EA7F2153907D008FFC64 /* NSString+MJExtension.h */,
				84E8EA802153907D008FFC64 /* MJPropertyType.m */,
				84E8EA812153907D008FFC64 /* NSObject+MJProperty.h */,
				84E8EA822153907D008FFC64 /* MJExtensionConst.h */,
				84E8EA832153907D008FFC64 /* NSObject+MJKeyValue.m */,
				84E8EA842153907D008FFC64 /* MJProperty.m */,
				84E8EA852153907D008FFC64 /* MJFoundation.h */,
				84E8EA862153907D008FFC64 /* NSObject+MJCoding.m */,
				84E8EA872153907D008FFC64 /* MJExtension.h */,
				84E8EA882153907D008FFC64 /* MJExtensionConst.m */,
				84E8EA892153907D008FFC64 /* NSObject+MJProperty.m */,
				84E8EA8A2153907D008FFC64 /* MJPropertyType.h */,
				84E8EA8B2153907D008FFC64 /* NSObject+MJClass.m */,
				84E8EA8C2153907D008FFC64 /* NSString+MJExtension.m */,
				84E8EA8D2153907D008FFC64 /* MJPropertyKey.m */,
				84E8EA8E2153907D008FFC64 /* MJProperty.h */,
				84E8EA8F2153907D008FFC64 /* NSObject+MJKeyValue.h */,
				84E8EA902153907D008FFC64 /* NSObject+MJCoding.h */,
				84E8EA912153907D008FFC64 /* MJFoundation.m */,
			);
			path = MJExtension;
			sourceTree = "<group>";
		};
/* End PBXGroup section */

/* Begin PBXNativeTarget section */
		84E8E9F821533227008FFC64 /* TableViewAutoCellHeight */ = {
			isa = PBXNativeTarget;
			buildConfigurationList = 84E8EA2821533229008FFC64 /* Build configuration list for PBXNativeTarget "TableViewAutoCellHeight" */;
			buildPhases = (
				84E8E9F521533227008FFC64 /* Sources */,
				84E8E9F621533227008FFC64 /* Frameworks */,
				84E8E9F721533227008FFC64 /* Resources */,
			);
			buildRules = (
			);
			dependencies = (
			);
			name = TableViewAutoCellHeight;
			productName = TableViewAutoCellHeight;
			productReference = 84E8E9F921533227008FFC64 /* TableViewAutoCellHeight.app */;
			productType = "com.apple.product-type.application";
		};
		84E8EA1321533229008FFC64 /* TableViewAutoCellHeightTests */ = {
			isa = PBXNativeTarget;
			buildConfigurationList = 84E8EA2B21533229008FFC64 /* Build configuration list for PBXNativeTarget "TableViewAutoCellHeightTests" */;
			buildPhases = (
				84E8EA1021533229008FFC64 /* Sources */,
				84E8EA1121533229008FFC64 /* Frameworks */,
				84E8EA1221533229008FFC64 /* Resources */,
			);
			buildRules = (
			);
			dependencies = (
				84E8EA1621533229008FFC64 /* PBXTargetDependency */,
			);
			name = TableViewAutoCellHeightTests;
			productName = TableViewAutoCellHeightTests;
			productReference = 84E8EA1421533229008FFC64 /* TableViewAutoCellHeightTests.xctest */;
			productType = "com.apple.product-type.bundle.unit-test";
		};
		84E8EA1E21533229008FFC64 /* TableViewAutoCellHeightUITests */ = {
			isa = PBXNativeTarget;
			buildConfigurationList = 84E8EA2E21533229008FFC64 /* Build configuration list for PBXNativeTarget "TableViewAutoCellHeightUITests" */;
			buildPhases = (
				84E8EA1B21533229008FFC64 /* Sources */,
				84E8EA1C21533229008FFC64 /* Frameworks */,
				84E8EA1D21533229008FFC64 /* Resources */,
			);
			buildRules = (
			);
			dependencies = (
				84E8EA2121533229008FFC64 /* PBXTargetDependency */,
			);
			name = TableViewAutoCellHeightUITests;
			productName = TableViewAutoCellHeightUITests;
			productReference = 84E8EA1F21533229008FFC64 /* TableViewAutoCellHeightUITests.xctest */;
			productType = "com.apple.product-type.bundle.ui-testing";
		};
/* End PBXNativeTarget section */

/* Begin PBXProject section */
		84E8E9F121533227008FFC64 /* Project object */ = {
			isa = PBXProject;
			attributes = {
				LastUpgradeCheck = 0940;
				ORGANIZATIONNAME = HWD;
				TargetAttributes = {
					84E8E9F821533227008FFC64 = {
						CreatedOnToolsVersion = 9.4.1;
					};
					84E8EA1321533229008FFC64 = {
						CreatedOnToolsVersion = 9.4.1;
						TestTargetID = 84E8E9F821533227008FFC64;
					};
					84E8EA1E21533229008FFC64 = {
						CreatedOnToolsVersion = 9.4.1;
						TestTargetID = 84E8E9F821533227008FFC64;
					};
				};
			};
			buildConfigurationList = 84E8E9F421533227008FFC64 /* Build configuration list for PBXProject "TableViewAutoCellHeight" */;
			compatibilityVersion = "Xcode 9.3";
			developmentRegion = en;
			hasScannedForEncodings = 0;
			knownRegions = (
				en,
				Base,
			);
			mainGroup = 84E8E9F021533227008FFC64;
			productRefGroup = 84E8E9FA21533227008FFC64 /* Products */;
			projectDirPath = "";
			projectRoot = "";
			targets = (
				84E8E9F821533227008FFC64 /* TableViewAutoCellHeight */,
				84E8EA1321533229008FFC64 /* TableViewAutoCellHeightTests */,
				84E8EA1E21533229008FFC64 /* TableViewAutoCellHeightUITests */,
			);
		};
/* End PBXProject section */

/* Begin PBXResourcesBuildPhase section */
		84E8E9F721533227008FFC64 /* Resources */ = {
			isa = PBXResourcesBuildPhase;
			buildActionMask = 2147483647;
			files = (
				84E8EA0C21533228008FFC64 /* LaunchScreen.storyboard in Resources */,
				84E8EA0921533228008FFC64 /* Assets.xcassets in Resources */,
				84E8EA6C215382FE008FFC64 /* ScrollViewTextTwoController.xib in Resources */,
				843DDF072189A33B00ECD68C /* KScrollViewController.xib in Resources */,
				84E8EA5D2153340E008FFC64 /* photo.jpg in Resources */,
				84E8EA5C2153340E008FFC64 /* README.md in Resources */,
				84E8EA512153340E008FFC64 /* LICENSE in Resources */,
				84E8EA0421533227008FFC64 /* Main.storyboard in Resources */,
			);
			runOnlyForDeploymentPostprocessing = 0;
		};
		84E8EA1221533229008FFC64 /* Resources */ = {
			isa = PBXResourcesBuildPhase;
			buildActionMask = 2147483647;
			files = (
			);
			runOnlyForDeploymentPostprocessing = 0;
		};
		84E8EA1D21533229008FFC64 /* Resources */ = {
			isa = PBXResourcesBuildPhase;
			buildActionMask = 2147483647;
			files = (
			);
			runOnlyForDeploymentPostprocessing = 0;
		};
/* End PBXResourcesBuildPhase section */

/* Begin PBXSourcesBuildPhase section */
		84E8E9F521533227008FFC64 /* Sources */ = {
			isa = PBXSourcesBuildPhase;
			buildActionMask = 2147483647;
			files = (
				84E8EA5A2153340E008FFC64 /* MASViewConstraint.m in Sources */,
				84E8EA982153907D008FFC64 /* NSObject+MJClass.m in Sources */,
				84E8EA5B2153340E008FFC64 /* MASViewAttribute.m in Sources */,
				84E8EA0121533227008FFC64 /* ViewController.m in Sources */,
				84E8EA7821538E63008FFC64 /* HWEditNumberModel.m in Sources */,
				84E8EA7B21539012008FFC64 /* UIColor+RCColor.m in Sources */,
				84E8E9FE21533227008FFC64 /* AppDelegate.m in Sources */,
				84E8EA572153340E008FFC64 /* NSArray+MASAdditions.m in Sources */,
				84E8EA992153907D008FFC64 /* NSString+MJExtension.m in Sources */,
				84E8EA532153340E008FFC64 /* ViewController+MASAdditions.m in Sources */,
				84E8EA9A2153907D008FFC64 /* MJPropertyKey.m in Sources */,
				84E8EA602153343C008FFC64 /* AutoCellFirstController.m in Sources */,
				84E8EA542153340E008FFC64 /* MASCompositeConstraint.m in Sources */,
				84E8EA962153907D008FFC64 /* MJExtensionConst.m in Sources */,
				84E8EA0F21533229008FFC64 /* main.m in Sources */,
				843DDF062189A33B00ECD68C /* KScrollViewController.m in Sources */,
				84E8EA6B215382FE008FFC64 /* ScrollViewTextTwoController.m in Sources */,
				84E8EA582153340E008FFC64 /* View+MASAdditions.m in Sources */,
				84E8EA552153340E008FFC64 /* MASConstraintMaker.m in Sources */,
				84E8EA7221538D16008FFC64 /* NSDictionary+NilSafe.m in Sources */,
				84E8EA6721536BED008FFC64 /* ScrollViewTextController.m in Sources */,
				84E8EA932153907D008FFC64 /* NSObject+MJKeyValue.m in Sources */,
				84E8EA592153340E008FFC64 /* MASConstraint.m in Sources */,
				84E8EA522153340E008FFC64 /* NSLayoutConstraint+MASDebugAdditions.m in Sources */,
				84E8EA9B2153907D008FFC64 /* MJFoundation.m in Sources */,
				84E8EA562153340E008FFC64 /* MASLayoutConstraint.m in Sources */,
				84E8EA952153907D008FFC64 /* NSObject+MJCoding.m in Sources */,
				84E8EA0721533227008FFC64 /* TableViewAutoCellHeight.xcdatamodeld in Sources */,
				84E8EA972153907D008FFC64 /* NSObject+MJProperty.m in Sources */,
				84E8EA7521538E1C008FFC64 /* HWEditNumberView.m in Sources */,
				84E8EA922153907D008FFC64 /* MJPropertyType.m in Sources */,
				84E8EA942153907D008FFC64 /* MJProperty.m in Sources */,
				84E8EA63215334D7008FFC64 /* AutoCellFirstCell.m in Sources */,
			);
			runOnlyForDeploymentPostprocessing = 0;
		};
		84E8EA1021533229008FFC64 /* Sources */ = {
			isa = PBXSourcesBuildPhase;
			buildActionMask = 2147483647;
			files = (
				84E8EA1921533229008FFC64 /* TableViewAutoCellHeightTests.m in Sources */,
			);
			runOnlyForDeploymentPostprocessing = 0;
		};
		84E8EA1B21533229008FFC64 /* Sources */ = {
			isa = PBXSourcesBuildPhase;
			buildActionMask = 2147483647;
			files = (
				84E8EA2421533229008FFC64 /* TableViewAutoCellHeightUITests.m in Sources */,
			);
			runOnlyForDeploymentPostprocessing = 0;
		};
/* End PBXSourcesBuildPhase section */

/* Begin PBXTargetDependency section */
		84E8EA1621533229008FFC64 /* PBXTargetDependency */ = {
			isa = PBXTargetDependency;
			target = 84E8E9F821533227008FFC64 /* TableViewAutoCellHeight */;
			targetProxy = 84E8EA1521533229008FFC64 /* PBXContainerItemProxy */;
		};
		84E8EA2121533229008FFC64 /* PBXTargetDependency */ = {
			isa = PBXTargetDependency;
			target = 84E8E9F821533227008FFC64 /* TableViewAutoCellHeight */;
			targetProxy = 84E8EA2021533229008FFC64 /* PBXContainerItemProxy */;
		};
/* End PBXTargetDependency section */

/* Begin PBXVariantGroup section */
		84E8EA0221533227008FFC64 /* Main.storyboard */ = {
			isa = PBXVariantGroup;
			children = (
				84E8EA0321533227008FFC64 /* Base */,
			);
			name = Main.storyboard;
			sourceTree = "<group>";
		};
		84E8EA0A21533228008FFC64 /* LaunchScreen.storyboard */ = {
			isa = PBXVariantGroup;
			children = (
				84E8EA0B21533228008FFC64 /* Base */,
			);
			name = LaunchScreen.storyboard;
			sourceTree = "<group>";
		};
/* End PBXVariantGroup section */

/* Begin XCBuildConfiguration section */
		84E8EA2621533229008FFC64 /* Debug */ = {
			isa = XCBuildConfiguration;
			buildSettings = {
				ALWAYS_SEARCH_USER_PATHS = NO;
				CLANG_ANALYZER_NONNULL = YES;
				CLANG_ANALYZER_NUMBER_OBJECT_CONVERSION = YES_AGGRESSIVE;
				CLANG_CXX_LANGUAGE_STANDARD = "gnu++14";
				CLANG_CXX_LIBRARY = "libc++";
				CLANG_ENABLE_MODULES = YES;
				CLANG_ENABLE_OBJC_ARC = YES;
				CLANG_ENABLE_OBJC_WEAK = YES;
				CLANG_WARN_BLOCK_CAPTURE_AUTORELEASING = YES;
				CLANG_WARN_BOOL_CONVERSION = YES;
				CLANG_WARN_COMMA = YES;
				CLANG_WARN_CONSTANT_CONVERSION = YES;
				CLANG_WARN_DEPRECATED_OBJC_IMPLEMENTATIONS = YES;
				CLANG_WARN_DIRECT_OBJC_ISA_USAGE = YES_ERROR;
				CLANG_WARN_DOCUMENTATION_COMMENTS = YES;
				CLANG_WARN_EMPTY_BODY = YES;
				CLANG_WARN_ENUM_CONVERSION = YES;
				CLANG_WARN_INFINITE_RECURSION = YES;
				CLANG_WARN_INT_CONVERSION = YES;
				CLANG_WARN_NON_LITERAL_NULL_CONVERSION = YES;
				CLANG_WARN_OBJC_IMPLICIT_RETAIN_SELF = YES;
				CLANG_WARN_OBJC_LITERAL_CONVERSION = YES;
				CLANG_WARN_OBJC_ROOT_CLASS = YES_ERROR;
				CLANG_WARN_RANGE_LOOP_ANALYSIS = YES;
				CLANG_WARN_STRICT_PROTOTYPES = YES;
				CLANG_WARN_SUSPICIOUS_MOVE = YES;
				CLANG_WARN_UNGUARDED_AVAILABILITY = YES_AGGRESSIVE;
				CLANG_WARN_UNREACHABLE_CODE = YES;
				CLANG_WARN__DUPLICATE_METHOD_MATCH = YES;
				CODE_SIGN_IDENTITY = "iPhone Developer";
				COPY_PHASE_STRIP = NO;
				DEBUG_INFORMATION_FORMAT = dwarf;
				ENABLE_STRICT_OBJC_MSGSEND = YES;
				ENABLE_TESTABILITY = YES;
				GCC_C_LANGUAGE_STANDARD = gnu11;
				GCC_DYNAMIC_NO_PIC = NO;
				GCC_NO_COMMON_BLOCKS = YES;
				GCC_OPTIMIZATION_LEVEL = 0;
				GCC_PREPROCESSOR_DEFINITIONS = (
					"DEBUG=1",
					"$(inherited)",
				);
				GCC_WARN_64_TO_32_BIT_CONVERSION = YES;
				GCC_WARN_ABOUT_RETURN_TYPE = YES_ERROR;
				GCC_WARN_UNDECLARED_SELECTOR = YES;
				GCC_WARN_UNINITIALIZED_AUTOS = YES_AGGRESSIVE;
				GCC_WARN_UNUSED_FUNCTION = YES;
				GCC_WARN_UNUSED_VARIABLE = YES;
				IPHONEOS_DEPLOYMENT_TARGET = 11.4;
				MTL_ENABLE_DEBUG_INFO = YES;
				ONLY_ACTIVE_ARCH = YES;
				SDKROOT = iphoneos;
			};
			name = Debug;
		};
		84E8EA2721533229008FFC64 /* Release */ = {
			isa = XCBuildConfiguration;
			buildSettings = {
				ALWAYS_SEARCH_USER_PATHS = NO;
				CLANG_ANALYZER_NONNULL = YES;
				CLANG_ANALYZER_NUMBER_OBJECT_CONVERSION = YES_AGGRESSIVE;
				CLANG_CXX_LANGUAGE_STANDARD = "gnu++14";
				CLANG_CXX_LIBRARY = "libc++";
				CLANG_ENABLE_MODULES = YES;
				CLANG_ENABLE_OBJC_ARC = YES;
				CLANG_ENABLE_OBJC_WEAK = YES;
				CLANG_WARN_BLOCK_CAPTURE_AUTORELEASING = YES;
				CLANG_WARN_BOOL_CONVERSION = YES;
				CLANG_WARN_COMMA = YES;
				CLANG_WARN_CONSTANT_CONVERSION = YES;
				CLANG_WARN_DEPRECATED_OBJC_IMPLEMENTATIONS = YES;
				CLANG_WARN_DIRECT_OBJC_ISA_USAGE = YES_ERROR;
				CLANG_WARN_DOCUMENTATION_COMMENTS = YES;
				CLANG_WARN_EMPTY_BODY = YES;
				CLANG_WARN_ENUM_CONVERSION = YES;
				CLANG_WARN_INFINITE_RECURSION = YES;
				CLANG_WARN_INT_CONVERSION = YES;
				CLANG_WARN_NON_LITERAL_NULL_CONVERSION = YES;
				CLANG_WARN_OBJC_IMPLICIT_RETAIN_SELF = YES;
				CLANG_WARN_OBJC_LITERAL_CONVERSION = YES;
				CLANG_WARN_OBJC_ROOT_CLASS = YES_ERROR;
				CLANG_WARN_RANGE_LOOP_ANALYSIS = YES;
				CLANG_WARN_STRICT_PROTOTYPES = YES;
				CLANG_WARN_SUSPICIOUS_MOVE = YES;
				CLANG_WARN_UNGUARDED_AVAILABILITY = YES_AGGRESSIVE;
				CLANG_WARN_UNREACHABLE_CODE = YES;
				CLANG_WARN__DUPLICATE_METHOD_MATCH = YES;
				CODE_SIGN_IDENTITY = "iPhone Developer";
				COPY_PHASE_STRIP = NO;
				DEBUG_INFORMATION_FORMAT = "dwarf-with-dsym";
				ENABLE_NS_ASSERTIONS = NO;
				ENABLE_STRICT_OBJC_MSGSEND = YES;
				GCC_C_LANGUAGE_STANDARD = gnu11;
				GCC_NO_COMMON_BLOCKS = YES;
				GCC_WARN_64_TO_32_BIT_CONVERSION = YES;
				GCC_WARN_ABOUT_RETURN_TYPE = YES_ERROR;
				GCC_WARN_UNDECLARED_SELECTOR = YES;
				GCC_WARN_UNINITIALIZED_AUTOS = YES_AGGRESSIVE;
				GCC_WARN_UNUSED_FUNCTION = YES;
				GCC_WARN_UNUSED_VARIABLE = YES;
				IPHONEOS_DEPLOYMENT_TARGET = 11.4;
				MTL_ENABLE_DEBUG_INFO = NO;
				SDKROOT = iphoneos;
				VALIDATE_PRODUCT = YES;
			};
			name = Release;
		};
		84E8EA2921533229008FFC64 /* Debug */ = {
			isa = XCBuildConfiguration;
			buildSettings = {
				ASSETCATALOG_COMPILER_APPICON_NAME = AppIcon;
				CODE_SIGN_STYLE = Automatic;
				INFOPLIST_FILE = TableViewAutoCellHeight/Info.plist;
				IPHONEOS_DEPLOYMENT_TARGET = 9.0;
				LD_RUNPATH_SEARCH_PATHS = (
					"$(inherited)",
					"@executable_path/Frameworks",
				);
				PRODUCT_BUNDLE_IDENTIFIER = org.gedu.TableViewAutoCellHeight;
				PRODUCT_NAME = "$(TARGET_NAME)";
				TARGETED_DEVICE_FAMILY = "1,2";
			};
			name = Debug;
		};
		84E8EA2A21533229008FFC64 /* Release */ = {
			isa = XCBuildConfiguration;
			buildSettings = {
				ASSETCATALOG_COMPILER_APPICON_NAME = AppIcon;
				CODE_SIGN_STYLE = Automatic;
				INFOPLIST_FILE = TableViewAutoCellHeight/Info.plist;
				IPHONEOS_DEPLOYMENT_TARGET = 9.0;
				LD_RUNPATH_SEARCH_PATHS = (
					"$(inherited)",
					"@executable_path/Frameworks",
				);
				PRODUCT_BUNDLE_IDENTIFIER = org.gedu.TableViewAutoCellHeight;
				PRODUCT_NAME = "$(TARGET_NAME)";
				TARGETED_DEVICE_FAMILY = "1,2";
			};
			name = Release;
		};
		84E8EA2C21533229008FFC64 /* Debug */ = {
			isa = XCBuildConfiguration;
			buildSettings = {
				BUNDLE_LOADER = "$(TEST_HOST)";
				CODE_SIGN_STYLE = Automatic;
				INFOPLIST_FILE = TableViewAutoCellHeightTests/Info.plist;
				LD_RUNPATH_SEARCH_PATHS = (
					"$(inherited)",
					"@executable_path/Frameworks",
					"@loader_path/Frameworks",
				);
				PRODUCT_BUNDLE_IDENTIFIER = org.gedu.TableViewAutoCellHeightTests;
				PRODUCT_NAME = "$(TARGET_NAME)";
				TARGETED_DEVICE_FAMILY = "1,2";
				TEST_HOST = "$(BUILT_PRODUCTS_DIR)/TableViewAutoCellHeight.app/TableViewAutoCellHeight";
			};
			name = Debug;
		};
		84E8EA2D21533229008FFC64 /* Release */ = {
			isa = XCBuildConfiguration;
			buildSettings = {
				BUNDLE_LOADER = "$(TEST_HOST)";
				CODE_SIGN_STYLE = Automatic;
				INFOPLIST_FILE = TableViewAutoCellHeightTests/Info.plist;
				LD_RUNPATH_SEARCH_PATHS = (
					"$(inherited)",
					"@executable_path/Frameworks",
					"@loader_path/Frameworks",
				);
				PRODUCT_BUNDLE_IDENTIFIER = org.gedu.TableViewAutoCellHeightTests;
				PRODUCT_NAME = "$(TARGET_NAME)";
				TARGETED_DEVICE_FAMILY = "1,2";
				TEST_HOST = "$(BUILT_PRODUCTS_DIR)/TableViewAutoCellHeight.app/TableViewAutoCellHeight";
			};
			name = Release;
		};
		84E8EA2F21533229008FFC64 /* Debug */ = {
			isa = XCBuildConfiguration;
			buildSettings = {
				CODE_SIGN_STYLE = Automatic;
				INFOPLIST_FILE = TableViewAutoCellHeightUITests/Info.plist;
				LD_RUNPATH_SEARCH_PATHS = (
					"$(inherited)",
					"@executable_path/Frameworks",
					"@loader_path/Frameworks",
				);
				PRODUCT_BUNDLE_IDENTIFIER = org.gedu.TableViewAutoCellHeightUITests;
				PRODUCT_NAME = "$(TARGET_NAME)";
				TARGETED_DEVICE_FAMILY = "1,2";
				TEST_TARGET_NAME = TableViewAutoCellHeight;
			};
			name = Debug;
		};
		84E8EA3021533229008FFC64 /* Release */ = {
			isa = XCBuildConfiguration;
			buildSettings = {
				CODE_SIGN_STYLE = Automatic;
				INFOPLIST_FILE = TableViewAutoCellHeightUITests/Info.plist;
				LD_RUNPATH_SEARCH_PATHS = (
					"$(inherited)",
					"@executable_path/Frameworks",
					"@loader_path/Frameworks",
				);
				PRODUCT_BUNDLE_IDENTIFIER = org.gedu.TableViewAutoCellHeightUITests;
				PRODUCT_NAME = "$(TARGET_NAME)";
				TARGETED_DEVICE_FAMILY = "1,2";
				TEST_TARGET_NAME = TableViewAutoCellHeight;
			};
			name = Release;
		};
/* End XCBuildConfiguration section */

/* Begin XCConfigurationList section */
		84E8E9F421533227008FFC64 /* Build configuration list for PBXProject "TableViewAutoCellHeight" */ = {
			isa = XCConfigurationList;
			buildConfigurations = (
				84E8EA2621533229008FFC64 /* Debug */,
				84E8EA2721533229008FFC64 /* Release */,
			);
			defaultConfigurationIsVisible = 0;
			defaultConfigurationName = Release;
		};
		84E8EA2821533229008FFC64 /* Build configuration list for PBXNativeTarget "TableViewAutoCellHeight" */ = {
			isa = XCConfigurationList;
			buildConfigurations = (
				84E8EA2921533229008FFC64 /* Debug */,
				84E8EA2A21533229008FFC64 /* Release */,
			);
			defaultConfigurationIsVisible = 0;
			defaultConfigurationName = Release;
		};
		84E8EA2B21533229008FFC64 /* Build configuration list for PBXNativeTarget "TableViewAutoCellHeightTests" */ = {
			isa = XCConfigurationList;
			buildConfigurations = (
				84E8EA2C21533229008FFC64 /* Debug */,
				84E8EA2D21533229008FFC64 /* Release */,
			);
			defaultConfigurationIsVisible = 0;
			defaultConfigurationName = Release;
		};
		84E8EA2E21533229008FFC64 /* Build configuration list for PBXNativeTarget "TableViewAutoCellHeightUITests" */ = {
			isa = XCConfigurationList;
			buildConfigurations = (
				84E8EA2F21533229008FFC64 /* Debug */,
				84E8EA3021533229008FFC64 /* Release */,
			);
			defaultConfigurationIsVisible = 0;
			defaultConfigurationName = Release;
		};
/* End XCConfigurationList section */

/* Begin XCVersionGroup section */
		84E8EA0521533227008FFC64 /* TableViewAutoCellHeight.xcdatamodeld */ = {
			isa = XCVersionGroup;
			children = (
				84E8EA0621533227008FFC64 /* TableViewAutoCellHeight.xcdatamodel */,
			);
			currentVersion = 84E8EA0621533227008FFC64 /* TableViewAutoCellHeight.xcdatamodel */;
			path = TableViewAutoCellHeight.xcdatamodeld;
			sourceTree = "<group>";
			versionGroupType = wrapper.xcdatamodel;
		};
/* End XCVersionGroup section */
	};
	rootObject = 84E8E9F121533227008FFC64 /* Project object */;
}
